
Microsoft Visual Studio Solution File, Format Version 12.00
# Visual Studio Version 16
VisualStudioVersion = 16.0.29521.150
MinimumVisualStudioVersion = 10.0.40219.1
Project("{9A19103F-16F7-4668-BE54-9A1E7A4F7556}") = "StartupDemo", "StartupDemo\StartupDemo.csproj", "{DF8CEBAF-68B6-4541-A8C1-9E8A18F87EAA}"
EndProject
Project("{9A19103F-16F7-4668-BE54-9A1E7A4F7556}") = "ConfigurationCommandLineDemo", "ConfigurationCommandLineDemo\ConfigurationCommandLineDemo.csproj", "{BB2345F5-79AE-4D1D-BA3E-FA484B13171E}"
EndProject
Project("{9A19103F-16F7-4668-BE54-9A1E7A4F7556}") = "ConfigurationDemo", "ConfigurationDemo\ConfigurationDemo.csproj", "{F77CC7FB-0669-4ED9-9926-7F46421BE520}"
EndProject
Project("{9A19103F-16F7-4668-BE54-9A1E7A4F7556}") = "ConfigurationEnvironmentVariablesDemo", "ConfigurationEnvironmentVariablesDemo\ConfigurationEnvironmentVariablesDemo.csproj", "{5424B96F-6496-4525-8233-9110D756D0BF}"
EndProject
Project("{9A19103F-16F7-4668-BE54-9A1E7A4F7556}") = "ConfigurationFileDemo", "ConfigurationFileDemo\ConfigurationFileDemo.csproj", "{EDA773CE-DB8A-4AA3-85DE-FB1B56994DF6}"
EndProject
Project("{9A19103F-16F7-4668-BE54-9A1E7A4F7556}") = "DependencyInjectionAutofacDemo", "DependencyInjectionAutofacDemo\DependencyInjectionAutofacDemo.csproj", "{1568B2DB-C167-402D-801C-441DF92DA131}"
EndProject
Project("{9A19103F-16F7-4668-BE54-9A1E7A4F7556}") = "DependencyInjectionDemo", "DependencyInjectionDemo\DependencyInjectionDemo.csproj", "{C5F429FD-6861-4DD2-A060-6DEFA6BC3B6D}"
EndProject
Project("{9A19103F-16F7-4668-BE54-9A1E7A4F7556}") = "DependencyInjectionScopeAndDisposableDemo", "DependencyInjectionScopeAndDisposableDemo\DependencyInjectionScopeAndDisposableDemo.csproj", "{E25984DA-D5B7-4C3C-B1B4-6BDB7DA8E4C7}"
EndProject
Project("{2150E333-8FDC-42A3-9474-1A3956D46DE8}") = "Demos", "Demos", "{7D8A04A0-242E-4F6F-AFA3-08C2011A92FC}"
EndProject
Project("{9A19103F-16F7-4668-BE54-9A1E7A4F7556}") = "ConfigurationCustom", "ConfigurationCustom\ConfigurationCustom.csproj", "{CAA3C337-0A0D-48BD-B412-63154BA314CD}"
EndProject
Project("{9A19103F-16F7-4668-BE54-9A1E7A4F7556}") = "Shared", "Shared\Shared.csproj", "{6D0527FE-E65C-4A86-8F43-B1291757C1F3}"
EndProject
Project("{9A19103F-16F7-4668-BE54-9A1E7A4F7556}") = "LoggingDemo", "LoggingDemo\LoggingDemo.csproj", "{026BC50F-986B-45DA-9FB7-701AB1DAC001}"
EndProject
Project("{9A19103F-16F7-4668-BE54-9A1E7A4F7556}") = "LoggingSerilogDemo", "LoggingSerilogDemo\LoggingSerilogDemo.csproj", "{21342114-CEDC-4680-A857-02AB23E4A698}"
EndProject
Project("{9A19103F-16F7-4668-BE54-9A1E7A4F7556}") = "OptionsDemo", "OptionsDemo\OptionsDemo.csproj", "{4F7A6DAA-3DE3-4190-A449-82FF469DD992}"
EndProject
Project("{9A19103F-16F7-4668-BE54-9A1E7A4F7556}") = "LoggingSimpleDemo", "LoggingSimpleDemo\LoggingSimpleDemo.csproj", "{D08E8F51-5CED-47AE-ADB1-C863AF05EECA}"
EndProject
Project("{9A19103F-16F7-4668-BE54-9A1E7A4F7556}") = "LoggingScopeDemo", "LoggingScopeDemo\LoggingScopeDemo.csproj", "{736A4AED-658D-48D9-89C4-D53C3D7A1C02}"
EndProject
Project("{9A19103F-16F7-4668-BE54-9A1E7A4F7556}") = "MiddlewareDemo", "MiddlewareDemo\MiddlewareDemo.csproj", "{BEB54497-A95C-4DED-8BA5-18767558D8DF}"
EndProject
Project("{9A19103F-16F7-4668-BE54-9A1E7A4F7556}") = "ExceptionDemo", "ExceptionDemo\ExceptionDemo.csproj", "{E1681FEA-6B2D-4C55-8CC5-CD46A6268209}"
EndProject
Project("{9A19103F-16F7-4668-BE54-9A1E7A4F7556}") = "StaticFilesDemo", "StaticFilesDemo\StaticFilesDemo.csproj", "{BC4614D5-9270-44F3-9911-DDE9E2465739}"
EndProject
Project("{9A19103F-16F7-4668-BE54-9A1E7A4F7556}") = "FileProviderDemo", "FileProviderDemo\FileProviderDemo.csproj", "{821F6703-0FF2-4ED5-93E7-235323001A58}"
EndProject
Project("{9A19103F-16F7-4668-BE54-9A1E7A4F7556}") = "RoutingDemo", "RoutingDemo\RoutingDemo.csproj", "{08FD01C9-E3F4-4A78-B8F5-810C1F48634D}"
EndProject
Project("{9A19103F-16F7-4668-BE54-9A1E7A4F7556}") = "MediatorDemo", "MediatorDemo\MediatorDemo.csproj", "{F757EFF3-0954-4DDA-A5B7-C57E89FC9FC3}"
EndProject
Project("{9A19103F-16F7-4668-BE54-9A1E7A4F7556}") = "HttpClientFactoryDemo", "HttpClientFactoryDemo\HttpClientFactoryDemo.csproj", "{C3889340-50F4-4201-BAF8-96CB2B82CAA6}"
EndProject
Project("{9A19103F-16F7-4668-BE54-9A1E7A4F7556}") = "GrpcClientDemo", "GrpcClientDemo\GrpcClientDemo.csproj", "{961FA58E-BD67-40CB-AD6C-8212A1380D8C}"
EndProject
Project("{9A19103F-16F7-4668-BE54-9A1E7A4F7556}") = "GrpcServerDemo", "GrpcServerDemo\GrpcServerDemo.csproj", "{ED431744-15B8-4312-A4A7-9E0F56DBCE16}"
EndProject
Project("{FAE04EC0-301F-11D3-BF4B-00C04F79EFBC}") = "RemoteSite", "RemoteSite\RemoteSite.csproj", "{FF1D46A6-E898-432C-A82A-AC57F086E348}"
EndProject
Global
	GlobalSection(SolutionConfigurationPlatforms) = preSolution
		Debug|Any CPU = Debug|Any CPU
		Release|Any CPU = Release|Any CPU
	EndGlobalSection
	GlobalSection(ProjectConfigurationPlatforms) = postSolution
		{DF8CEBAF-68B6-4541-A8C1-9E8A18F87EAA}.Debug|Any CPU.ActiveCfg = Debug|Any CPU
		{DF8CEBAF-68B6-4541-A8C1-9E8A18F87EAA}.Debug|Any CPU.Build.0 = Debug|Any CPU
		{DF8CEBAF-68B6-4541-A8C1-9E8A18F87EAA}.Release|Any CPU.ActiveCfg = Release|Any CPU
		{DF8CEBAF-68B6-4541-A8C1-9E8A18F87EAA}.Release|Any CPU.Build.0 = Release|Any CPU
		{BB2345F5-79AE-4D1D-BA3E-FA484B13171E}.Debug|Any CPU.ActiveCfg = Debug|Any CPU
		{BB2345F5-79AE-4D1D-BA3E-FA484B13171E}.Debug|Any CPU.Build.0 = Debug|Any CPU
		{BB2345F5-79AE-4D1D-BA3E-FA484B13171E}.Release|Any CPU.ActiveCfg = Release|Any CPU
		{BB2345F5-79AE-4D1D-BA3E-FA484B13171E}.Release|Any CPU.Build.0 = Release|Any CPU
		{F77CC7FB-0669-4ED9-9926-7F46421BE520}.Debug|Any CPU.ActiveCfg = Debug|Any CPU
		{F77CC7FB-0669-4ED9-9926-7F46421BE520}.Debug|Any CPU.Build.0 = Debug|Any CPU
		{F77CC7FB-0669-4ED9-9926-7F46421BE520}.Release|Any CPU.ActiveCfg = Release|Any CPU
		{F77CC7FB-0669-4ED9-9926-7F46421BE520}.Release|Any CPU.Build.0 = Release|Any CPU
		{5424B96F-6496-4525-8233-9110D756D0BF}.Debug|Any CPU.ActiveCfg = Debug|Any CPU
		{5424B96F-6496-4525-8233-9110D756D0BF}.Debug|Any CPU.Build.0 = Debug|Any CPU
		{5424B96F-6496-4525-8233-9110D756D0BF}.Release|Any CPU.ActiveCfg = Release|Any CPU
		{5424B96F-6496-4525-8233-9110D756D0BF}.Release|Any CPU.Build.0 = Release|Any CPU
		{EDA773CE-DB8A-4AA3-85DE-FB1B56994DF6}.Debug|Any CPU.ActiveCfg = Debug|Any CPU
		{EDA773CE-DB8A-4AA3-85DE-FB1B56994DF6}.Debug|Any CPU.Build.0 = Debug|Any CPU
		{EDA773CE-DB8A-4AA3-85DE-FB1B56994DF6}.Release|Any CPU.ActiveCfg = Release|Any CPU
		{EDA773CE-DB8A-4AA3-85DE-FB1B56994DF6}.Release|Any CPU.Build.0 = Release|Any CPU
		{1568B2DB-C167-402D-801C-441DF92DA131}.Debug|Any CPU.ActiveCfg = Debug|Any CPU
		{1568B2DB-C167-402D-801C-441DF92DA131}.Debug|Any CPU.Build.0 = Debug|Any CPU
		{1568B2DB-C167-402D-801C-441DF92DA131}.Release|Any CPU.ActiveCfg = Release|Any CPU
		{1568B2DB-C167-402D-801C-441DF92DA131}.Release|Any CPU.Build.0 = Release|Any CPU
		{C5F429FD-6861-4DD2-A060-6DEFA6BC3B6D}.Debug|Any CPU.ActiveCfg = Debug|Any CPU
		{C5F429FD-6861-4DD2-A060-6DEFA6BC3B6D}.Debug|Any CPU.Build.0 = Debug|Any CPU
		{C5F429FD-6861-4DD2-A060-6DEFA6BC3B6D}.Release|Any CPU.ActiveCfg = Release|Any CPU
		{C5F429FD-6861-4DD2-A060-6DEFA6BC3B6D}.Release|Any CPU.Build.0 = Release|Any CPU
		{E25984DA-D5B7-4C3C-B1B4-6BDB7DA8E4C7}.Debug|Any CPU.ActiveCfg = Debug|Any CPU
		{E25984DA-D5B7-4C3C-B1B4-6BDB7DA8E4C7}.Debug|Any CPU.Build.0 = Debug|Any CPU
		{E25984DA-D5B7-4C3C-B1B4-6BDB7DA8E4C7}.Release|Any CPU.ActiveCfg = Release|Any CPU
		{E25984DA-D5B7-4C3C-B1B4-6BDB7DA8E4C7}.Release|Any CPU.Build.0 = Release|Any CPU
		{CAA3C337-0A0D-48BD-B412-63154BA314CD}.Debug|Any CPU.ActiveCfg = Debug|Any CPU
		{CAA3C337-0A0D-48BD-B412-63154BA314CD}.Debug|Any CPU.Build.0 = Debug|Any CPU
		{CAA3C337-0A0D-48BD-B412-63154BA314CD}.Release|Any CPU.ActiveCfg = Release|Any CPU
		{CAA3C337-0A0D-48BD-B412-63154BA314CD}.Release|Any CPU.Build.0 = Release|Any CPU
		{6D0527FE-E65C-4A86-8F43-B1291757C1F3}.Debug|Any CPU.ActiveCfg = Debug|Any CPU
		{6D0527FE-E65C-4A86-8F43-B1291757C1F3}.Debug|Any CPU.Build.0 = Debug|Any CPU
		{6D0527FE-E65C-4A86-8F43-B1291757C1F3}.Release|Any CPU.ActiveCfg = Release|Any CPU
		{6D0527FE-E65C-4A86-8F43-B1291757C1F3}.Release|Any CPU.Build.0 = Release|Any CPU
		{026BC50F-986B-45DA-9FB7-701AB1DAC001}.Debug|Any CPU.ActiveCfg = Debug|Any CPU
		{026BC50F-986B-45DA-9FB7-701AB1DAC001}.Debug|Any CPU.Build.0 = Debug|Any CPU
		{026BC50F-986B-45DA-9FB7-701AB1DAC001}.Release|Any CPU.ActiveCfg = Release|Any CPU
		{026BC50F-986B-45DA-9FB7-701AB1DAC001}.Release|Any CPU.Build.0 = Release|Any CPU
		{21342114-CEDC-4680-A857-02AB23E4A698}.Debug|Any CPU.ActiveCfg = Debug|Any CPU
		{21342114-CEDC-4680-A857-02AB23E4A698}.Debug|Any CPU.Build.0 = Debug|Any CPU
		{21342114-CEDC-4680-A857-02AB23E4A698}.Release|Any CPU.ActiveCfg = Release|Any CPU
		{21342114-CEDC-4680-A857-02AB23E4A698}.Release|Any CPU.Build.0 = Release|Any CPU
		{4F7A6DAA-3DE3-4190-A449-82FF469DD992}.Debug|Any CPU.ActiveCfg = Debug|Any CPU
		{4F7A6DAA-3DE3-4190-A449-82FF469DD992}.Debug|Any CPU.Build.0 = Debug|Any CPU
		{4F7A6DAA-3DE3-4190-A449-82FF469DD992}.Release|Any CPU.ActiveCfg = Release|Any CPU
		{4F7A6DAA-3DE3-4190-A449-82FF469DD992}.Release|Any CPU.Build.0 = Release|Any CPU
		{D08E8F51-5CED-47AE-ADB1-C863AF05EECA}.Debug|Any CPU.ActiveCfg = Debug|Any CPU
		{D08E8F51-5CED-47AE-ADB1-C863AF05EECA}.Debug|Any CPU.Build.0 = Debug|Any CPU
		{D08E8F51-5CED-47AE-ADB1-C863AF05EECA}.Release|Any CPU.ActiveCfg = Release|Any CPU
		{D08E8F51-5CED-47AE-ADB1-C863AF05EECA}.Release|Any CPU.Build.0 = Release|Any CPU
		{736A4AED-658D-48D9-89C4-D53C3D7A1C02}.Debug|Any CPU.ActiveCfg = Debug|Any CPU
		{736A4AED-658D-48D9-89C4-D53C3D7A1C02}.Debug|Any CPU.Build.0 = Debug|Any CPU
		{736A4AED-658D-48D9-89C4-D53C3D7A1C02}.Release|Any CPU.ActiveCfg = Release|Any CPU
		{736A4AED-658D-48D9-89C4-D53C3D7A1C02}.Release|Any CPU.Build.0 = Release|Any CPU
		{BEB54497-A95C-4DED-8BA5-18767558D8DF}.Debug|Any CPU.ActiveCfg = Debug|Any CPU
		{BEB54497-A95C-4DED-8BA5-18767558D8DF}.Debug|Any CPU.Build.0 = Debug|Any CPU
		{BEB54497-A95C-4DED-8BA5-18767558D8DF}.Release|Any CPU.ActiveCfg = Release|Any CPU
		{BEB54497-A95C-4DED-8BA5-18767558D8DF}.Release|Any CPU.Build.0 = Release|Any CPU
		{E1681FEA-6B2D-4C55-8CC5-CD46A6268209}.Debug|Any CPU.ActiveCfg = Debug|Any CPU
		{E1681FEA-6B2D-4C55-8CC5-CD46A6268209}.Debug|Any CPU.Build.0 = Debug|Any CPU
		{E1681FEA-6B2D-4C55-8CC5-CD46A6268209}.Release|Any CPU.ActiveCfg = Release|Any CPU
		{E1681FEA-6B2D-4C55-8CC5-CD46A6268209}.Release|Any CPU.Build.0 = Release|Any CPU
		{BC4614D5-9270-44F3-9911-DDE9E2465739}.Debug|Any CPU.ActiveCfg = Debug|Any CPU
		{BC4614D5-9270-44F3-9911-DDE9E2465739}.Debug|Any CPU.Build.0 = Debug|Any CPU
		{BC4614D5-9270-44F3-9911-DDE9E2465739}.Release|Any CPU.ActiveCfg = Release|Any CPU
		{BC4614D5-9270-44F3-9911-DDE9E2465739}.Release|Any CPU.Build.0 = Release|Any CPU
		{821F6703-0FF2-4ED5-93E7-235323001A58}.Debug|Any CPU.ActiveCfg = Debug|Any CPU
		{821F6703-0FF2-4ED5-93E7-235323001A58}.Debug|Any CPU.Build.0 = Debug|Any CPU
		{821F6703-0FF2-4ED5-93E7-235323001A58}.Release|Any CPU.ActiveCfg = Release|Any CPU
		{821F6703-0FF2-4ED5-93E7-235323001A58}.Release|Any CPU.Build.0 = Release|Any CPU
		{08FD01C9-E3F4-4A78-B8F5-810C1F48634D}.Debug|Any CPU.ActiveCfg = Debug|Any CPU
		{08FD01C9-E3F4-4A78-B8F5-810C1F48634D}.Debug|Any CPU.Build.0 = Debug|Any CPU
		{08FD01C9-E3F4-4A78-B8F5-810C1F48634D}.Release|Any CPU.ActiveCfg = Release|Any CPU
		{08FD01C9-E3F4-4A78-B8F5-810C1F48634D}.Release|Any CPU.Build.0 = Release|Any CPU
		{F757EFF3-0954-4DDA-A5B7-C57E89FC9FC3}.Debug|Any CPU.ActiveCfg = Debug|Any CPU
		{F757EFF3-0954-4DDA-A5B7-C57E89FC9FC3}.Debug|Any CPU.Build.0 = Debug|Any CPU
		{F757EFF3-0954-4DDA-A5B7-C57E89FC9FC3}.Release|Any CPU.ActiveCfg = Release|Any CPU
		{F757EFF3-0954-4DDA-A5B7-C57E89FC9FC3}.Release|Any CPU.Build.0 = Release|Any CPU
		{C3889340-50F4-4201-BAF8-96CB2B82CAA6}.Debug|Any CPU.ActiveCfg = Debug|Any CPU
		{C3889340-50F4-4201-BAF8-96CB2B82CAA6}.Debug|Any CPU.Build.0 = Debug|Any CPU
		{C3889340-50F4-4201-BAF8-96CB2B82CAA6}.Release|Any CPU.ActiveCfg = Release|Any CPU
		{C3889340-50F4-4201-BAF8-96CB2B82CAA6}.Release|Any CPU.Build.0 = Release|Any CPU
		{961FA58E-BD67-40CB-AD6C-8212A1380D8C}.Debug|Any CPU.ActiveCfg = Debug|Any CPU
		{961FA58E-BD67-40CB-AD6C-8212A1380D8C}.Debug|Any CPU.Build.0 = Debug|Any CPU
		{961FA58E-BD67-40CB-AD6C-8212A1380D8C}.Release|Any CPU.ActiveCfg = Release|Any CPU
		{961FA58E-BD67-40CB-AD6C-8212A1380D8C}.Release|Any CPU.Build.0 = Release|Any CPU
		{ED431744-15B8-4312-A4A7-9E0F56DBCE16}.Debug|Any CPU.ActiveCfg = Debug|Any CPU
		{ED431744-15B8-4312-A4A7-9E0F56DBCE16}.Debug|Any CPU.Build.0 = Debug|Any CPU
		{ED431744-15B8-4312-A4A7-9E0F56DBCE16}.Release|Any CPU.ActiveCfg = Release|Any CPU
		{ED431744-15B8-4312-A4A7-9E0F56DBCE16}.Release|Any CPU.Build.0 = Release|Any CPU
		{FF1D46A6-E898-432C-A82A-AC57F086E348}.Debug|Any CPU.ActiveCfg = Debug|Any CPU
		{FF1D46A6-E898-432C-A82A-AC57F086E348}.Debug|Any CPU.Build.0 = Debug|Any CPU
		{FF1D46A6-E898-432C-A82A-AC57F086E348}.Release|Any CPU.ActiveCfg = Release|Any CPU
		{FF1D46A6-E898-432C-A82A-AC57F086E348}.Release|Any CPU.Build.0 = Release|Any CPU
	EndGlobalSection
	GlobalSection(SolutionProperties) = preSolution
		HideSolutionNode = FALSE
	EndGlobalSection
	GlobalSection(NestedProjects) = preSolution
		{DF8CEBAF-68B6-4541-A8C1-9E8A18F87EAA} = {7D8A04A0-242E-4F6F-AFA3-08C2011A92FC}
		{BB2345F5-79AE-4D1D-BA3E-FA484B13171E} = {7D8A04A0-242E-4F6F-AFA3-08C2011A92FC}
		{F77CC7FB-0669-4ED9-9926-7F46421BE520} = {7D8A04A0-242E-4F6F-AFA3-08C2011A92FC}
		{5424B96F-6496-4525-8233-9110D756D0BF} = {7D8A04A0-242E-4F6F-AFA3-08C2011A92FC}
		{EDA773CE-DB8A-4AA3-85DE-FB1B56994DF6} = {7D8A04A0-242E-4F6F-AFA3-08C2011A92FC}
		{1568B2DB-C167-402D-801C-441DF92DA131} = {7D8A04A0-242E-4F6F-AFA3-08C2011A92FC}
		{C5F429FD-6861-4DD2-A060-6DEFA6BC3B6D} = {7D8A04A0-242E-4F6F-AFA3-08C2011A92FC}
		{E25984DA-D5B7-4C3C-B1B4-6BDB7DA8E4C7} = {7D8A04A0-242E-4F6F-AFA3-08C2011A92FC}
		{CAA3C337-0A0D-48BD-B412-63154BA314CD} = {7D8A04A0-242E-4F6F-AFA3-08C2011A92FC}
		{6D0527FE-E65C-4A86-8F43-B1291757C1F3} = {7D8A04A0-242E-4F6F-AFA3-08C2011A92FC}
		{026BC50F-986B-45DA-9FB7-701AB1DAC001} = {7D8A04A0-242E-4F6F-AFA3-08C2011A92FC}
		{21342114-CEDC-4680-A857-02AB23E4A698} = {7D8A04A0-242E-4F6F-AFA3-08C2011A92FC}
		{4F7A6DAA-3DE3-4190-A449-82FF469DD992} = {7D8A04A0-242E-4F6F-AFA3-08C2011A92FC}
		{D08E8F51-5CED-47AE-ADB1-C863AF05EECA} = {7D8A04A0-242E-4F6F-AFA3-08C2011A92FC}
		{736A4AED-658D-48D9-89C4-D53C3D7A1C02} = {7D8A04A0-242E-4F6F-AFA3-08C2011A92FC}
		{BEB54497-A95C-4DED-8BA5-18767558D8DF} = {7D8A04A0-242E-4F6F-AFA3-08C2011A92FC}
		{E1681FEA-6B2D-4C55-8CC5-CD46A6268209} = {7D8A04A0-242E-4F6F-AFA3-08C2011A92FC}
		{BC4614D5-9270-44F3-9911-DDE9E2465739} = {7D8A04A0-242E-4F6F-AFA3-08C2011A92FC}
		{821F6703-0FF2-4ED5-93E7-235323001A58} = {7D8A04A0-242E-4F6F-AFA3-08C2011A92FC}
		{08FD01C9-E3F4-4A78-B8F5-810C1F48634D} = {7D8A04A0-242E-4F6F-AFA3-08C2011A92FC}
		{F757EFF3-0954-4DDA-A5B7-C57E89FC9FC3} = {7D8A04A0-242E-4F6F-AFA3-08C2011A92FC}
		{C3889340-50F4-4201-BAF8-96CB2B82CAA6} = {7D8A04A0-242E-4F6F-AFA3-08C2011A92FC}
		{FF1D46A6-E898-432C-A82A-AC57F086E348} = {7D8A04A0-242E-4F6F-AFA3-08C2011A92FC}
	EndGlobalSection
	GlobalSection(ExtensibilityGlobals) = postSolution
		SolutionGuid = {A71ACF6C-2186-48BC-8B34-AD35C404AAD1}
	EndGlobalSection
EndGlobal
