
Microsoft Visual Studio Solution File, Format Version 12.00
# Visual Studio Version 16
VisualStudioVersion = 16.0.29613.14
MinimumVisualStudioVersion = 10.0.40219.1
Project("{9A19103F-16F7-4668-BE54-9A1E7A4F7556}") = "GeekTime.Domain.Abstractions", "GeekTime.Domain.Abstractions\GeekTime.Domain.Abstractions.csproj", "{6C11E70B-1808-43A6-9428-49C8BDCFF3C4}"
EndProject
Project("{9A19103F-16F7-4668-BE54-9A1E7A4F7556}") = "GeekTime.Domain", "GeekTime.Domain\GeekTime.Domain.csproj", "{AFE9EBF0-E8C0-49CD-A0DA-98D22A079640}"
EndProject
Project("{9A19103F-16F7-4668-BE54-9A1E7A4F7556}") = "GeekTime.API", "GeekTime.API\GeekTime.API.csproj", "{04A9A1C3-EB6A-4BC5-97E0-37ECC0EA4D4F}"
EndProject
Project("{9A19103F-16F7-4668-BE54-9A1E7A4F7556}") = "GeekTime.Infrastructure", "GeekTime.Infrastructure\GeekTime.Infrastructure.csproj", "{647D394E-7D33-4E85-AA46-AA1508541D79}"
EndProject
Project("{9A19103F-16F7-4668-BE54-9A1E7A4F7556}") = "GeekTime.Infrastructure.Core", "GeekTime.Infrastructure.Core\GeekTime.Infrastructure.Core.csproj", "{6BEF9C8E-C7E4-401A-8C9F-60AF31440BA8}"
EndProject
Project("{9A19103F-16F7-4668-BE54-9A1E7A4F7556}") = "GeekTime.BackgroundTasks", "GeekTime.BackgroundTasks\GeekTime.BackgroundTasks.csproj", "{5782F4EB-CBE9-4ACA-9E20-AAB564F9E441}"
EndProject
Project("{2150E333-8FDC-42A3-9474-1A3956D46DE8}") = "Infrastructure", "Infrastructure", "{86D1DF82-B5EF-464B-ABFF-981A1A691C7F}"
EndProject
Project("{2150E333-8FDC-42A3-9474-1A3956D46DE8}") = "Domain", "Domain", "{13F30E53-96DB-4B76-AD10-C5A156FA3510}"
EndProject
Project("{2150E333-8FDC-42A3-9474-1A3956D46DE8}") = "Applications", "Applications", "{C9E682A9-0231-45CF-8C90-7125CBB2F659}"
EndProject
Project("{2150E333-8FDC-42A3-9474-1A3956D46DE8}") = "Shared", "Shared", "{36EE473B-F8BF-4276-9DC7-33F4FB7E17AF}"
EndProject
Project("{2150E333-8FDC-42A3-9474-1A3956D46DE8}") = "tests", "tests", "{56AE3E3A-7333-4571-9CEA-9441DAAECC4A}"
EndProject
Project("{FAE04EC0-301F-11D3-BF4B-00C04F79EFBC}") = "GeekTime.Core", "GeekTime.Core\GeekTime.Core.csproj", "{0C25996F-599A-45A9-A802-1C1FC851F437}"
EndProject
Global
	GlobalSection(SolutionConfigurationPlatforms) = preSolution
		Debug|Any CPU = Debug|Any CPU
		Release|Any CPU = Release|Any CPU
	EndGlobalSection
	GlobalSection(ProjectConfigurationPlatforms) = postSolution
		{6C11E70B-1808-43A6-9428-49C8BDCFF3C4}.Debug|Any CPU.ActiveCfg = Debug|Any CPU
		{6C11E70B-1808-43A6-9428-49C8BDCFF3C4}.Debug|Any CPU.Build.0 = Debug|Any CPU
		{6C11E70B-1808-43A6-9428-49C8BDCFF3C4}.Release|Any CPU.ActiveCfg = Release|Any CPU
		{6C11E70B-1808-43A6-9428-49C8BDCFF3C4}.Release|Any CPU.Build.0 = Release|Any CPU
		{AFE9EBF0-E8C0-49CD-A0DA-98D22A079640}.Debug|Any CPU.ActiveCfg = Debug|Any CPU
		{AFE9EBF0-E8C0-49CD-A0DA-98D22A079640}.Debug|Any CPU.Build.0 = Debug|Any CPU
		{AFE9EBF0-E8C0-49CD-A0DA-98D22A079640}.Release|Any CPU.ActiveCfg = Release|Any CPU
		{AFE9EBF0-E8C0-49CD-A0DA-98D22A079640}.Release|Any CPU.Build.0 = Release|Any CPU
		{04A9A1C3-EB6A-4BC5-97E0-37ECC0EA4D4F}.Debug|Any CPU.ActiveCfg = Debug|Any CPU
		{04A9A1C3-EB6A-4BC5-97E0-37ECC0EA4D4F}.Debug|Any CPU.Build.0 = Debug|Any CPU
		{04A9A1C3-EB6A-4BC5-97E0-37ECC0EA4D4F}.Release|Any CPU.ActiveCfg = Release|Any CPU
		{04A9A1C3-EB6A-4BC5-97E0-37ECC0EA4D4F}.Release|Any CPU.Build.0 = Release|Any CPU
		{647D394E-7D33-4E85-AA46-AA1508541D79}.Debug|Any CPU.ActiveCfg = Debug|Any CPU
		{647D394E-7D33-4E85-AA46-AA1508541D79}.Debug|Any CPU.Build.0 = Debug|Any CPU
		{647D394E-7D33-4E85-AA46-AA1508541D79}.Release|Any CPU.ActiveCfg = Release|Any CPU
		{647D394E-7D33-4E85-AA46-AA1508541D79}.Release|Any CPU.Build.0 = Release|Any CPU
		{6BEF9C8E-C7E4-401A-8C9F-60AF31440BA8}.Debug|Any CPU.ActiveCfg = Debug|Any CPU
		{6BEF9C8E-C7E4-401A-8C9F-60AF31440BA8}.Debug|Any CPU.Build.0 = Debug|Any CPU
		{6BEF9C8E-C7E4-401A-8C9F-60AF31440BA8}.Release|Any CPU.ActiveCfg = Release|Any CPU
		{6BEF9C8E-C7E4-401A-8C9F-60AF31440BA8}.Release|Any CPU.Build.0 = Release|Any CPU
		{5782F4EB-CBE9-4ACA-9E20-AAB564F9E441}.Debug|Any CPU.ActiveCfg = Debug|Any CPU
		{5782F4EB-CBE9-4ACA-9E20-AAB564F9E441}.Debug|Any CPU.Build.0 = Debug|Any CPU
		{5782F4EB-CBE9-4ACA-9E20-AAB564F9E441}.Release|Any CPU.ActiveCfg = Release|Any CPU
		{5782F4EB-CBE9-4ACA-9E20-AAB564F9E441}.Release|Any CPU.Build.0 = Release|Any CPU
		{0C25996F-599A-45A9-A802-1C1FC851F437}.Debug|Any CPU.ActiveCfg = Debug|Any CPU
		{0C25996F-599A-45A9-A802-1C1FC851F437}.Debug|Any CPU.Build.0 = Debug|Any CPU
		{0C25996F-599A-45A9-A802-1C1FC851F437}.Release|Any CPU.ActiveCfg = Release|Any CPU
		{0C25996F-599A-45A9-A802-1C1FC851F437}.Release|Any CPU.Build.0 = Release|Any CPU
	EndGlobalSection
	GlobalSection(SolutionProperties) = preSolution
		HideSolutionNode = FALSE
	EndGlobalSection
	GlobalSection(NestedProjects) = preSolution
		{6C11E70B-1808-43A6-9428-49C8BDCFF3C4} = {36EE473B-F8BF-4276-9DC7-33F4FB7E17AF}
		{AFE9EBF0-E8C0-49CD-A0DA-98D22A079640} = {13F30E53-96DB-4B76-AD10-C5A156FA3510}
		{04A9A1C3-EB6A-4BC5-97E0-37ECC0EA4D4F} = {C9E682A9-0231-45CF-8C90-7125CBB2F659}
		{647D394E-7D33-4E85-AA46-AA1508541D79} = {86D1DF82-B5EF-464B-ABFF-981A1A691C7F}
		{6BEF9C8E-C7E4-401A-8C9F-60AF31440BA8} = {36EE473B-F8BF-4276-9DC7-33F4FB7E17AF}
		{5782F4EB-CBE9-4ACA-9E20-AAB564F9E441} = {C9E682A9-0231-45CF-8C90-7125CBB2F659}
		{0C25996F-599A-45A9-A802-1C1FC851F437} = {36EE473B-F8BF-4276-9DC7-33F4FB7E17AF}
	EndGlobalSection
	GlobalSection(ExtensibilityGlobals) = postSolution
		SolutionGuid = {2BBFEA25-FEF4-44BA-876F-CE8806FE35D9}
	EndGlobalSection
EndGlobal
